Microsoft Visual Studio Solution File, Format Version 12.00
# Visual Studio Version 17
VisualStudioVersion = 17.1.32414.318
MinimumVisualStudioVersion = 10.0.40219.1
Project("{9A19103F-16F7-4668-BE54-9A1E7A4F7556}") = "Veldrid", "src\Veldrid\Veldrid\Veldrid.csproj", "{E22C07F4-D305-4093-B44B-2A9914DF06A4}"
EndProject
Project("{9A19103F-16F7-4668-BE54-9A1E7A4F7556}") = "Veldrid.RenderDoc", "src\Veldrid\Veldrid.RenderDoc\Veldrid.RenderDoc.csproj", "{6E8C5B37-C0EA-4BDB-8E33-D4A1F86139C4}"
EndProject
Project("{9A19103F-16F7-4668-BE54-9A1E7A4F7556}") = "Veldrid.SDL2", "src\Veldrid\Veldrid.SDL2\Veldrid.SDL2.csproj", "{EBCA436B-24F5-4E0D-B32F-5E7EE0D061F6}"
EndProject
Project("{9A19103F-16F7-4668-BE54-9A1E7A4F7556}") = "Veldrid.StartupUtilities", "src\Veldrid\Veldrid.StartupUtilities\Veldrid.StartupUtilities.csproj", "{7ED94989-2CE2-454E-97C0-59837B24A61F}"
EndProject
Project("{9A19103F-16F7-4668-BE54-9A1E7A4F7556}") = "Veldrid.Utilities", "src\Veldrid\Veldrid.Utilities\Veldrid.Utilities.csproj", "{F14604E6-9FBB-4F47-AFD8-7DB112924AF4}"
EndProject
Project("{9A19103F-16F7-4668-BE54-9A1E7A4F7556}") = "Veldrid.SPIRV", "src\Veldrid\Veldrid.SPIRV\Veldrid.SPIRV.csproj", "{CEFBD024-2E4E-4B74-ACB5-2D17B7F4C17F}"
EndProject
Project("{9A19103F-16F7-4668-BE54-9A1E7A4F7556}") = "Veldrid.SPIRV.VariantCompiler", "src\Veldrid\Veldrid.SPIRV.VariantCompiler\Veldrid.SPIRV.VariantCompiler.csproj", "{2A3A911A-7573-4A5B-A83B-92164B349BEA}"
EndProject
Project("{9A19103F-16F7-4668-BE54-9A1E7A4F7556}") = "Andre.Formats", "src\Andre\Andre.Formats\Andre.Formats.csproj", "{56C072EE-4011-4A0E-9B72-25A1A47969A0}"
EndProject
Project("{9A19103F-16F7-4668-BE54-9A1E7A4F7556}") = "Andre.Core", "src\Andre\Andre.Core\Andre.Core.csproj", "{AD901915-1F68-4774-8D9C-5BD443F933F6}"
EndProject
Project("{9A19103F-16F7-4668-BE54-9A1E7A4F7556}") = "Andre.IO", "src\Andre\Andre.IO\Andre.IO.csproj", "{9E5E426C-567D-45F3-9198-5280A4569B80}"
EndProject
Project("{FAE04EC0-301F-11D3-BF4B-00C04F79EFBC}") = "Hexa.NET.ImGui", "src\Hexa.NET.ImGui\Hexa.NET.ImGui.csproj", "{B5625AF3-B34C-3343-ADDE-9B4783D23D09}"
EndProject
Project("{FAE04EC0-301F-11D3-BF4B-00C04F79EFBC}") = "Hexa.NET.ImGuiNodeEditor", "src\Hexa.NET.ImGuiNodeEditor\Hexa.NET.ImGuiNodeEditor.csproj", "{BCD8EB08-B040-8644-4243-58D903734ED9}"
EndProject
Project("{FAE04EC0-301F-11D3-BF4B-00C04F79EFBC}") = "Hexa.NET.ImGuizmo", "src\Hexa.NET.ImGuizmo\Hexa.NET.ImGuizmo.csproj", "{B51DB43A-ACBD-C5DA-0954-86188303D94D}"
EndProject
Project("{FAE04EC0-301F-11D3-BF4B-00C04F79EFBC}") = "Hexa.NET.ImNodes", "src\Hexa.NET.ImNodes\Hexa.NET.ImNodes.csproj", "{A14E7ED4-C857-61ED-1E57-2212FEB76BA1}"
EndProject
Project("{FAE04EC0-301F-11D3-BF4B-00C04F79EFBC}") = "Hexa.NET.ImPlot", "src\Hexa.NET.ImPlot\Hexa.NET.ImPlot.csproj", "{8B232724-E0F2-1312-7B72-8D429CC41587}"
EndProject
Project("{FAE04EC0-301F-11D3-BF4B-00C04F79EFBC}") = "Smithbox.Program", "src\Smithbox.Program\Smithbox.Program.csproj", "{FD73CB42-214B-BCE4-E634-77E4D1ED3BEE}"
EndProject
Project("{FAE04EC0-301F-11D3-BF4B-00C04F79EFBC}") = "Smithbox.Data", "src\Smithbox.Data\Smithbox.Data.csproj", "{4687FDA1-67FC-3A6D-3D82-C3C95BE30040}"
EndProject
Project("{FAE04EC0-301F-11D3-BF4B-00C04F79EFBC}") = "Smithbox", "src\Smithbox\Smithbox.csproj", "{958445B5-464F-F7E8-8AED-F3415FCACA78}"
EndProject
Project("{FAE04EC0-301F-11D3-BF4B-00C04F79EFBC}") = "Havok.ColBakeTest", "src\Havok\ColBakeTest\Havok.ColBakeTest.csproj", "{DAB51102-413B-083B-0371-066C72D0B5A1}"
EndProject
Project("{FAE04EC0-301F-11D3-BF4B-00C04F79EFBC}") = "Havok.HKLib", "src\Havok\HKLib\Havok.HKLib.csproj", "{59DCD3E2-0EB8-914A-381F-7F858AF7D939}"
EndProject
Project("{FAE04EC0-301F-11D3-BF4B-00C04F79EFBC}") = "Havok.HKLib.Reflection", "src\Havok\HKLib.Reflection\Havok.HKLib.Reflection.csproj", "{A699848D-D9FE-3A8B-C923-EE94F182E23A}"
EndProject
Project("{FAE04EC0-301F-11D3-BF4B-00C04F79EFBC}") = "Havok.HKLib.Serialization", "src\Havok\HKLib.Serialization\Havok.HKLib.Serialization.csproj", "{8E322882-1EA7-7252-B0DE-B03E4B4C88ED}"
EndProject
Project("{FAE04EC0-301F-11D3-BF4B-00C04F79EFBC}") = "Havok.HKX.ClassGeneration", "src\Havok\HKX.ClassGeneration\Havok.HKX.ClassGeneration.csproj", "{E43E4287-28B6-D908-788D-84F10D35D0EC}"
EndProject
Project("{FAE04EC0-301F-11D3-BF4B-00C04F79EFBC}") = "Havok.HKX2", "src\Havok\HKX2\Havok.HKX2.csproj", "{902AFDD0-44EF-F607-FDA3-F44055BA8B40}"
EndProject
Project("{FAE04EC0-301F-11D3-BF4B-00C04F79EFBC}") = "Havok.HKX2.Serialization", "src\Havok\HKX2.Serialization\Havok.HKX2.Serialization.csproj", "{69C825F6-FC8C-8C96-6DAB-2CB46589894E}"
EndProject
Project("{FAE04EC0-301F-11D3-BF4B-00C04F79EFBC}") = "Andre.SoulsFormats", "src\Andre\SoulsFormats\SoulsFormats\Andre.SoulsFormats.csproj", "{3ED687A7-3D13-472C-CFC6-DD37A973F82D}"
EndProject
Project("{FAE04EC0-301F-11D3-BF4B-00C04F79EFBC}") = "Andre.SoapstoneLib", "src\Andre\SoapstoneLib\SoapstoneLib\Andre.SoapstoneLib.csproj", "{A75D395E-6097-BBD1-A21E-96B3297BD78B}"
EndProject
Global
	GlobalSection(SolutionConfigurationPlatforms) = preSolution
		Debug|Any CPU = Debug|Any CPU
		Debug|x64 = Debug|x64
		Release|Any CPU = Release|Any CPU
		Release|x64 = Release|x64
	EndGlobalSection
	GlobalSection(ProjectConfigurationPlatforms) = postSolution
		{E22C07F4-D305-4093-B44B-2A9914DF06A4}.Debug|Any CPU.ActiveCfg = Debug|Any CPU
		{E22C07F4-D305-4093-B44B-2A9914DF06A4}.Debug|Any CPU.Build.0 = Debug|Any CPU
		{E22C07F4-D305-4093-B44B-2A9914DF06A4}.Debug|x64.ActiveCfg = Debug|Any CPU
		{E22C07F4-D305-4093-B44B-2A9914DF06A4}.Debug|x64.Build.0 = Debug|Any CPU
		{E22C07F4-D305-4093-B44B-2A9914DF06A4}.Release|Any CPU.ActiveCfg = Release|Any CPU
		{E22C07F4-D305-4093-B44B-2A9914DF06A4}.Release|Any CPU.Build.0 = Release|Any CPU
		{E22C07F4-D305-4093-B44B-2A9914DF06A4}.Release|x64.ActiveCfg = Release|Any CPU
		{E22C07F4-D305-4093-B44B-2A9914DF06A4}.Release|x64.Build.0 = Release|Any CPU
		{6E8C5B37-C0EA-4BDB-8E33-D4A1F86139C4}.Debug|Any CPU.ActiveCfg = Debug|Any CPU
		{6E8C5B37-C0EA-4BDB-8E33-D4A1F86139C4}.Debug|Any CPU.Build.0 = Debug|Any CPU
		{6E8C5B37-C0EA-4BDB-8E33-D4A1F86139C4}.Debug|x64.ActiveCfg = Debug|Any CPU
		{6E8C5B37-C0EA-4BDB-8E33-D4A1F86139C4}.Debug|x64.Build.0 = Debug|Any CPU
		{6E8C5B37-C0EA-4BDB-8E33-D4A1F86139C4}.Release|Any CPU.ActiveCfg = Release|Any CPU
		{6E8C5B37-C0EA-4BDB-8E33-D4A1F86139C4}.Release|Any CPU.Build.0 = Release|Any CPU
		{6E8C5B37-C0EA-4BDB-8E33-D4A1F86139C4}.Release|x64.ActiveCfg = Release|Any CPU
		{6E8C5B37-C0EA-4BDB-8E33-D4A1F86139C4}.Release|x64.Build.0 = Release|Any CPU
		{EBCA436B-24F5-4E0D-B32F-5E7EE0D061F6}.Debug|Any CPU.ActiveCfg = Debug|Any CPU
		{EBCA436B-24F5-4E0D-B32F-5E7EE0D061F6}.Debug|Any CPU.Build.0 = Debug|Any CPU
		{EBCA436B-24F5-4E0D-B32F-5E7EE0D061F6}.Debug|x64.ActiveCfg = Debug|Any CPU
		{EBCA436B-24F5-4E0D-B32F-5E7EE0D061F6}.Debug|x64.Build.0 = Debug|Any CPU
		{EBCA436B-24F5-4E0D-B32F-5E7EE0D061F6}.Release|Any CPU.ActiveCfg = Release|Any CPU
		{EBCA436B-24F5-4E0D-B32F-5E7EE0D061F6}.Release|Any CPU.Build.0 = Release|Any CPU
		{EBCA436B-24F5-4E0D-B32F-5E7EE0D061F6}.Release|x64.ActiveCfg = Release|Any CPU
		{EBCA436B-24F5-4E0D-B32F-5E7EE0D061F6}.Release|x64.Build.0 = Release|Any CPU
		{7ED94989-2CE2-454E-97C0-59837B24A61F}.Debug|Any CPU.ActiveCfg = Debug|Any CPU
		{7ED94989-2CE2-454E-97C0-59837B24A61F}.Debug|Any CPU.Build.0 = Debug|Any CPU
		{7ED94989-2CE2-454E-97C0-59837B24A61F}.Debug|x64.ActiveCfg = Debug|Any CPU
		{7ED94989-2CE2-454E-97C0-59837B24A61F}.Debug|x64.Build.0 = Debug|Any CPU
		{7ED94989-2CE2-454E-97C0-59837B24A61F}.Release|Any CPU.ActiveCfg = Release|Any CPU
		{7ED94989-2CE2-454E-97C0-59837B24A61F}.Release|Any CPU.Build.0 = Release|Any CPU
		{7ED94989-2CE2-454E-97C0-59837B24A61F}.Release|x64.ActiveCfg = Release|Any CPU
		{7ED94989-2CE2-454E-97C0-59837B24A61F}.Release|x64.Build.0 = Release|Any CPU
		{F14604E6-9FBB-4F47-AFD8-7DB112924AF4}.Debug|Any CPU.ActiveCfg = Debug|Any CPU
		{F14604E6-9FBB-4F47-AFD8-7DB112924AF4}.Debug|Any CPU.Build.0 = Debug|Any CPU
		{F14604E6-9FBB-4F47-AFD8-7DB112924AF4}.Debug|x64.ActiveCfg = Debug|Any CPU
		{F14604E6-9FBB-4F47-AFD8-7DB112924AF4}.Debug|x64.Build.0 = Debug|Any CPU
		{F14604E6-9FBB-4F47-AFD8-7DB112924AF4}.Release|Any CPU.ActiveCfg = Release|Any CPU
		{F14604E6-9FBB-4F47-AFD8-7DB112924AF4}.Release|Any CPU.Build.0 = Release|Any CPU
		{F14604E6-9FBB-4F47-AFD8-7DB112924AF4}.Release|x64.ActiveCfg = Release|Any CPU
		{F14604E6-9FBB-4F47-AFD8-7DB112924AF4}.Release|x64.Build.0 = Release|Any CPU
		{CEFBD024-2E4E-4B74-ACB5-2D17B7F4C17F}.Debug|Any CPU.ActiveCfg = Debug|Any CPU
		{CEFBD024-2E4E-4B74-ACB5-2D17B7F4C17F}.Debug|Any CPU.Build.0 = Debug|Any CPU
		{CEFBD024-2E4E-4B74-ACB5-2D17B7F4C17F}.Debug|x64.ActiveCfg = Debug|Any CPU
		{CEFBD024-2E4E-4B74-ACB5-2D17B7F4C17F}.Debug|x64.Build.0 = Debug|Any CPU
		{CEFBD024-2E4E-4B74-ACB5-2D17B7F4C17F}.Release|Any CPU.ActiveCfg = Release|Any CPU
		{CEFBD024-2E4E-4B74-ACB5-2D17B7F4C17F}.Release|Any CPU.Build.0 = Release|Any CPU
		{CEFBD024-2E4E-4B74-ACB5-2D17B7F4C17F}.Release|x64.ActiveCfg = Release|Any CPU
		{CEFBD024-2E4E-4B74-ACB5-2D17B7F4C17F}.Release|x64.Build.0 = Release|Any CPU
		{2A3A911A-7573-4A5B-A83B-92164B349BEA}.Debug|Any CPU.ActiveCfg = Debug|Any CPU
		{2A3A911A-7573-4A5B-A83B-92164B349BEA}.Debug|Any CPU.Build.0 = Debug|Any CPU
		{2A3A911A-7573-4A5B-A83B-92164B349BEA}.Debug|x64.ActiveCfg = Debug|Any CPU
		{2A3A911A-7573-4A5B-A83B-92164B349BEA}.Debug|x64.Build.0 = Debug|Any CPU
		{2A3A911A-7573-4A5B-A83B-92164B349BEA}.Release|Any CPU.ActiveCfg = Release|Any CPU
		{2A3A911A-7573-4A5B-A83B-92164B349BEA}.Release|Any CPU.Build.0 = Release|Any CPU
		{2A3A911A-7573-4A5B-A83B-92164B349BEA}.Release|x64.ActiveCfg = Release|Any CPU
		{2A3A911A-7573-4A5B-A83B-92164B349BEA}.Release|x64.Build.0 = Release|Any CPU
		{56C072EE-4011-4A0E-9B72-25A1A47969A0}.Debug|Any CPU.ActiveCfg = Debug|Any CPU
		{56C072EE-4011-4A0E-9B72-25A1A47969A0}.Debug|Any CPU.Build.0 = Debug|Any CPU
		{56C072EE-4011-4A0E-9B72-25A1A47969A0}.Debug|x64.ActiveCfg = Debug|Any CPU
		{56C072EE-4011-4A0E-9B72-25A1A47969A0}.Debug|x64.Build.0 = Debug|Any CPU
		{56C072EE-4011-4A0E-9B72-25A1A47969A0}.Release|Any CPU.ActiveCfg = Release|Any CPU
		{56C072EE-4011-4A0E-9B72-25A1A47969A0}.Release|Any CPU.Build.0 = Release|Any CPU
		{56C072EE-4011-4A0E-9B72-25A1A47969A0}.Release|x64.ActiveCfg = Release|Any CPU
		{56C072EE-4011-4A0E-9B72-25A1A47969A0}.Release|x64.Build.0 = Release|Any CPU
		{AD901915-1F68-4774-8D9C-5BD443F933F6}.Debug|Any CPU.ActiveCfg = Debug|Any CPU
		{AD901915-1F68-4774-8D9C-5BD443F933F6}.Debug|Any CPU.Build.0 = Debug|Any CPU
		{AD901915-1F68-4774-8D9C-5BD443F933F6}.Debug|x64.ActiveCfg = Debug|Any CPU
		{AD901915-1F68-4774-8D9C-5BD443F933F6}.Debug|x64.Build.0 = Debug|Any CPU
		{AD901915-1F68-4774-8D9C-5BD443F933F6}.Release|Any CPU.ActiveCfg = Release|Any CPU
		{AD901915-1F68-4774-8D9C-5BD443F933F6}.Release|Any CPU.Build.0 = Release|Any CPU
		{AD901915-1F68-4774-8D9C-5BD443F933F6}.Release|x64.ActiveCfg = Release|Any CPU
		{AD901915-1F68-4774-8D9C-5BD443F933F6}.Release|x64.Build.0 = Release|Any CPU
		{9E5E426C-567D-45F3-9198-5280A4569B80}.Debug|Any CPU.ActiveCfg = Debug|Any CPU
		{9E5E426C-567D-45F3-9198-5280A4569B80}.Debug|Any CPU.Build.0 = Debug|Any CPU
		{9E5E426C-567D-45F3-9198-5280A4569B80}.Debug|x64.ActiveCfg = Debug|Any CPU
		{9E5E426C-567D-45F3-9198-5280A4569B80}.Debug|x64.Build.0 = Debug|Any CPU
		{9E5E426C-567D-45F3-9198-5280A4569B80}.Release|Any CPU.ActiveCfg = Release|Any CPU
		{9E5E426C-567D-45F3-9198-5280A4569B80}.Release|Any CPU.Build.0 = Release|Any CPU
		{9E5E426C-567D-45F3-9198-5280A4569B80}.Release|x64.ActiveCfg = Release|Any CPU
		{9E5E426C-567D-45F3-9198-5280A4569B80}.Release|x64.Build.0 = Release|Any CPU
		{B5625AF3-B34C-3343-ADDE-9B4783D23D09}.Debug|Any CPU.ActiveCfg = Debug|Any CPU
		{B5625AF3-B34C-3343-ADDE-9B4783D23D09}.Debug|Any CPU.Build.0 = Debug|Any CPU
		{B5625AF3-B34C-3343-ADDE-9B4783D23D09}.Debug|x64.ActiveCfg = Debug|Any CPU
		{B5625AF3-B34C-3343-ADDE-9B4783D23D09}.Debug|x64.Build.0 = Debug|Any CPU
		{B5625AF3-B34C-3343-ADDE-9B4783D23D09}.Release|Any CPU.ActiveCfg = Release|Any CPU
		{B5625AF3-B34C-3343-ADDE-9B4783D23D09}.Release|Any CPU.Build.0 = Release|Any CPU
		{B5625AF3-B34C-3343-ADDE-9B4783D23D09}.Release|x64.ActiveCfg = Release|Any CPU
		{B5625AF3-B34C-3343-ADDE-9B4783D23D09}.Release|x64.Build.0 = Release|Any CPU
		{BCD8EB08-B040-8644-4243-58D903734ED9}.Debug|Any CPU.ActiveCfg = Debug|Any CPU
		{BCD8EB08-B040-8644-4243-58D903734ED9}.Debug|Any CPU.Build.0 = Debug|Any CPU
		{BCD8EB08-B040-8644-4243-58D903734ED9}.Debug|x64.ActiveCfg = Debug|Any CPU
		{BCD8EB08-B040-8644-4243-58D903734ED9}.Debug|x64.Build.0 = Debug|Any CPU
		{BCD8EB08-B040-8644-4243-58D903734ED9}.Release|Any CPU.ActiveCfg = Release|Any CPU
		{BCD8EB08-B040-8644-4243-58D903734ED9}.Release|Any CPU.Build.0 = Release|Any CPU
		{BCD8EB08-B040-8644-4243-58D903734ED9}.Release|x64.ActiveCfg = Release|Any CPU
		{BCD8EB08-B040-8644-4243-58D903734ED9}.Release|x64.Build.0 = Release|Any CPU
		{B51DB43A-ACBD-C5DA-0954-86188303D94D}.Debug|Any CPU.ActiveCfg = Debug|Any CPU
		{B51DB43A-ACBD-C5DA-0954-86188303D94D}.Debug|Any CPU.Build.0 = Debug|Any CPU
		{B51DB43A-ACBD-C5DA-0954-86188303D94D}.Debug|x64.ActiveCfg = Debug|Any CPU
		{B51DB43A-ACBD-C5DA-0954-86188303D94D}.Debug|x64.Build.0 = Debug|Any CPU
		{B51DB43A-ACBD-C5DA-0954-86188303D94D}.Release|Any CPU.ActiveCfg = Release|Any CPU
		{B51DB43A-ACBD-C5DA-0954-86188303D94D}.Release|Any CPU.Build.0 = Release|Any CPU
		{B51DB43A-ACBD-C5DA-0954-86188303D94D}.Release|x64.ActiveCfg = Release|Any CPU
		{B51DB43A-ACBD-C5DA-0954-86188303D94D}.Release|x64.Build.0 = Release|Any CPU
		{A14E7ED4-C857-61ED-1E57-2212FEB76BA1}.Debug|Any CPU.ActiveCfg = Debug|Any CPU
		{A14E7ED4-C857-61ED-1E57-2212FEB76BA1}.Debug|Any CPU.Build.0 = Debug|Any CPU
		{A14E7ED4-C857-61ED-1E57-2212FEB76BA1}.Debug|x64.ActiveCfg = Debug|Any CPU
		{A14E7ED4-C857-61ED-1E57-2212FEB76BA1}.Debug|x64.Build.0 = Debug|Any CPU
		{A14E7ED4-C857-61ED-1E57-2212FEB76BA1}.Release|Any CPU.ActiveCfg = Release|Any CPU
		{A14E7ED4-C857-61ED-1E57-2212FEB76BA1}.Release|Any CPU.Build.0 = Release|Any CPU
		{A14E7ED4-C857-61ED-1E57-2212FEB76BA1}.Release|x64.ActiveCfg = Release|Any CPU
		{A14E7ED4-C857-61ED-1E57-2212FEB76BA1}.Release|x64.Build.0 = Release|Any CPU
		{8B232724-E0F2-1312-7B72-8D429CC41587}.Debug|Any CPU.ActiveCfg = Debug|Any CPU
		{8B232724-E0F2-1312-7B72-8D429CC41587}.Debug|Any CPU.Build.0 = Debug|Any CPU
		{8B232724-E0F2-1312-7B72-8D429CC41587}.Debug|x64.ActiveCfg = Debug|Any CPU
		{8B232724-E0F2-1312-7B72-8D429CC41587}.Debug|x64.Build.0 = Debug|Any CPU
		{8B232724-E0F2-1312-7B72-8D429CC41587}.Release|Any CPU.ActiveCfg = Release|Any CPU
		{8B232724-E0F2-1312-7B72-8D429CC41587}.Release|Any CPU.Build.0 = Release|Any CPU
		{8B232724-E0F2-1312-7B72-8D429CC41587}.Release|x64.ActiveCfg = Release|Any CPU
		{8B232724-E0F2-1312-7B72-8D429CC41587}.Release|x64.Build.0 = Release|Any CPU
		{FD73CB42-214B-BCE4-E634-77E4D1ED3BEE}.Debug|Any CPU.ActiveCfg = Debug|Any CPU
		{FD73CB42-214B-BCE4-E634-77E4D1ED3BEE}.Debug|Any CPU.Build.0 = Debug|Any CPU
		{FD73CB42-214B-BCE4-E634-77E4D1ED3BEE}.Debug|x64.ActiveCfg = Debug|Any CPU
		{FD73CB42-214B-BCE4-E634-77E4D1ED3BEE}.Debug|x64.Build.0 = Debug|Any CPU
		{FD73CB42-214B-BCE4-E634-77E4D1ED3BEE}.Release|Any CPU.ActiveCfg = Release|Any CPU
		{FD73CB42-214B-BCE4-E634-77E4D1ED3BEE}.Release|Any CPU.Build.0 = Release|Any CPU
		{FD73CB42-214B-BCE4-E634-77E4D1ED3BEE}.Release|x64.ActiveCfg = Release|Any CPU
		{FD73CB42-214B-BCE4-E634-77E4D1ED3BEE}.Release|x64.Build.0 = Release|Any CPU
		{4687FDA1-67FC-3A6D-3D82-C3C95BE30040}.Debug|Any CPU.ActiveCfg = Debug|Any CPU
		{4687FDA1-67FC-3A6D-3D82-C3C95BE30040}.Debug|Any CPU.Build.0 = Debug|Any CPU
		{4687FDA1-67FC-3A6D-3D82-C3C95BE30040}.Debug|x64.ActiveCfg = Debug|Any CPU
		{4687FDA1-67FC-3A6D-3D82-C3C95BE30040}.Debug|x64.Build.0 = Debug|Any CPU
		{4687FDA1-67FC-3A6D-3D82-C3C95BE30040}.Release|Any CPU.ActiveCfg = Release|Any CPU
		{4687FDA1-67FC-3A6D-3D82-C3C95BE30040}.Release|Any CPU.Build.0 = Release|Any CPU
		{4687FDA1-67FC-3A6D-3D82-C3C95BE30040}.Release|x64.ActiveCfg = Release|Any CPU
		{4687FDA1-67FC-3A6D-3D82-C3C95BE30040}.Release|x64.Build.0 = Release|Any CPU
		{958445B5-464F-F7E8-8AED-F3415FCACA78}.Debug|Any CPU.ActiveCfg = Debug|Any CPU
		{958445B5-464F-F7E8-8AED-F3415FCACA78}.Debug|Any CPU.Build.0 = Debug|Any CPU
		{958445B5-464F-F7E8-8AED-F3415FCACA78}.Debug|x64.ActiveCfg = Debug|Any CPU
		{958445B5-464F-F7E8-8AED-F3415FCACA78}.Debug|x64.Build.0 = Debug|Any CPU
		{958445B5-464F-F7E8-8AED-F3415FCACA78}.Release|Any CPU.ActiveCfg = Release|Any CPU
		{958445B5-464F-F7E8-8AED-F3415FCACA78}.Release|Any CPU.Build.0 = Release|Any CPU
		{958445B5-464F-F7E8-8AED-F3415FCACA78}.Release|x64.ActiveCfg = Release|Any CPU
		{958445B5-464F-F7E8-8AED-F3415FCACA78}.Release|x64.Build.0 = Release|Any CPU
		{DAB51102-413B-083B-0371-066C72D0B5A1}.Debug|Any CPU.ActiveCfg = Debug|Any CPU
		{DAB51102-413B-083B-0371-066C72D0B5A1}.Debug|Any CPU.Build.0 = Debug|Any CPU
		{DAB51102-413B-083B-0371-066C72D0B5A1}.Debug|x64.ActiveCfg = Debug|Any CPU
		{DAB51102-413B-083B-0371-066C72D0B5A1}.Debug|x64.Build.0 = Debug|Any CPU
		{DAB51102-413B-083B-0371-066C72D0B5A1}.Release|Any CPU.ActiveCfg = Release|Any CPU
		{DAB51102-413B-083B-0371-066C72D0B5A1}.Release|Any CPU.Build.0 = Release|Any CPU
		{DAB51102-413B-083B-0371-066C72D0B5A1}.Release|x64.ActiveCfg = Release|Any CPU
		{DAB51102-413B-083B-0371-066C72D0B5A1}.Release|x64.Build.0 = Release|Any CPU
		{59DCD3E2-0EB8-914A-381F-7F858AF7D939}.Debug|Any CPU.ActiveCfg = Debug|Any CPU
		{59DCD3E2-0EB8-914A-381F-7F858AF7D939}.Debug|Any CPU.Build.0 = Debug|Any CPU
		{59DCD3E2-0EB8-914A-381F-7F858AF7D939}.Debug|x64.ActiveCfg = Debug|x64
		{59DCD3E2-0EB8-914A-381F-7F858AF7D939}.Debug|x64.Build.0 = Debug|x64
		{59DCD3E2-0EB8-914A-381F-7F858AF7D939}.Release|Any CPU.ActiveCfg = Release|Any CPU
		{59DCD3E2-0EB8-914A-381F-7F858AF7D939}.Release|Any CPU.Build.0 = Release|Any CPU
		{59DCD3E2-0EB8-914A-381F-7F858AF7D939}.Release|x64.ActiveCfg = Release|x64
		{59DCD3E2-0EB8-914A-381F-7F858AF7D939}.Release|x64.Build.0 = Release|x64
		{A699848D-D9FE-3A8B-C923-EE94F182E23A}.Debug|Any CPU.ActiveCfg = Debug|Any CPU
		{A699848D-D9FE-3A8B-C923-EE94F182E23A}.Debug|Any CPU.Build.0 = Debug|Any CPU
		{A699848D-D9FE-3A8B-C923-EE94F182E23A}.Debug|x64.ActiveCfg = Debug|x64
		{A699848D-D9FE-3A8B-C923-EE94F182E23A}.Debug|x64.Build.0 = Debug|x64
		{A699848D-D9FE-3A8B-C923-EE94F182E23A}.Release|Any CPU.ActiveCfg = Release|Any CPU
		{A699848D-D9FE-3A8B-C923-EE94F182E23A}.Release|Any CPU.Build.0 = Release|Any CPU
		{A699848D-D9FE-3A8B-C923-EE94F182E23A}.Release|x64.ActiveCfg = Release|x64
		{A699848D-D9FE-3A8B-C923-EE94F182E23A}.Release|x64.Build.0 = Release|x64
		{8E322882-1EA7-7252-B0DE-B03E4B4C88ED}.Debug|Any CPU.ActiveCfg = Debug|Any CPU
		{8E322882-1EA7-7252-B0DE-B03E4B4C88ED}.Debug|Any CPU.Build.0 = Debug|Any CPU
		{8E322882-1EA7-7252-B0DE-B03E4B4C88ED}.Debug|x64.ActiveCfg = Debug|x64
		{8E322882-1EA7-7252-B0DE-B03E4B4C88ED}.Debug|x64.Build.0 = Debug|x64
		{8E322882-1EA7-7252-B0DE-B03E4B4C88ED}.Release|Any CPU.ActiveCfg = Release|Any CPU
		{8E322882-1EA7-7252-B0DE-B03E4B4C88ED}.Release|Any CPU.Build.0 = Release|Any CPU
		{8E322882-1EA7-7252-B0DE-B03E4B4C88ED}.Release|x64.ActiveCfg = Release|x64
		{8E322882-1EA7-7252-B0DE-B03E4B4C88ED}.Release|x64.Build.0 = Release|x64
		{E43E4287-28B6-D908-788D-84F10D35D0EC}.Debug|Any CPU.ActiveCfg = Debug|Any CPU
		{E43E4287-28B6-D908-788D-84F10D35D0EC}.Debug|Any CPU.Build.0 = Debug|Any CPU
		{E43E4287-28B6-D908-788D-84F10D35D0EC}.Debug|x64.ActiveCfg = Debug|Any CPU
		{E43E4287-28B6-D908-788D-84F10D35D0EC}.Debug|x64.Build.0 = Debug|Any CPU
		{E43E4287-28B6-D908-788D-84F10D35D0EC}.Release|Any CPU.ActiveCfg = Release|Any CPU
		{E43E4287-28B6-D908-788D-84F10D35D0EC}.Release|Any CPU.Build.0 = Release|Any CPU
		{E43E4287-28B6-D908-788D-84F10D35D0EC}.Release|x64.ActiveCfg = Release|Any CPU
		{E43E4287-28B6-D908-788D-84F10D35D0EC}.Release|x64.Build.0 = Release|Any CPU
		{902AFDD0-44EF-F607-FDA3-F44055BA8B40}.Debug|Any CPU.ActiveCfg = Debug|Any CPU
		{902AFDD0-44EF-F607-FDA3-F44055BA8B40}.Debug|Any CPU.Build.0 = Debug|Any CPU
		{902AFDD0-44EF-F607-FDA3-F44055BA8B40}.Debug|x64.ActiveCfg = Debug|Any CPU
		{902AFDD0-44EF-F607-FDA3-F44055BA8B40}.Debug|x64.Build.0 = Debug|Any CPU
		{902AFDD0-44EF-F607-FDA3-F44055BA8B40}.Release|Any CPU.ActiveCfg = Release|Any CPU
		{902AFDD0-44EF-F607-FDA3-F44055BA8B40}.Release|Any CPU.Build.0 = Release|Any CPU
		{902AFDD0-44EF-F607-FDA3-F44055BA8B40}.Release|x64.ActiveCfg = Release|Any CPU
		{902AFDD0-44EF-F607-FDA3-F44055BA8B40}.Release|x64.Build.0 = Release|Any CPU
		{69C825F6-FC8C-8C96-6DAB-2CB46589894E}.Debug|Any CPU.ActiveCfg = Debug|Any CPU
		{69C825F6-FC8C-8C96-6DAB-2CB46589894E}.Debug|Any CPU.Build.0 = Debug|Any CPU
		{69C825F6-FC8C-8C96-6DAB-2CB46589894E}.Debug|x64.ActiveCfg = Debug|Any CPU
		{69C825F6-FC8C-8C96-6DAB-2CB46589894E}.Debug|x64.Build.0 = Debug|Any CPU
		{69C825F6-FC8C-8C96-6DAB-2CB46589894E}.Release|Any CPU.ActiveCfg = Release|Any CPU
		{69C825F6-FC8C-8C96-6DAB-2CB46589894E}.Release|Any CPU.Build.0 = Release|Any CPU
		{69C825F6-FC8C-8C96-6DAB-2CB46589894E}.Release|x64.ActiveCfg = Release|Any CPU
		{69C825F6-FC8C-8C96-6DAB-2CB46589894E}.Release|x64.Build.0 = Release|Any CPU
		{3ED687A7-3D13-472C-CFC6-DD37A973F82D}.Debug|Any CPU.ActiveCfg = Debug|Any CPU
		{3ED687A7-3D13-472C-CFC6-DD37A973F82D}.Debug|Any CPU.Build.0 = Debug|Any CPU
		{3ED687A7-3D13-472C-CFC6-DD37A973F82D}.Debug|x64.ActiveCfg = Debug|Any CPU
		{3ED687A7-3D13-472C-CFC6-DD37A973F82D}.Debug|x64.Build.0 = Debug|Any CPU
		{3ED687A7-3D13-472C-CFC6-DD37A973F82D}.Release|Any CPU.ActiveCfg = Release|Any CPU
		{3ED687A7-3D13-472C-CFC6-DD37A973F82D}.Release|Any CPU.Build.0 = Release|Any CPU
		{3ED687A7-3D13-472C-CFC6-DD37A973F82D}.Release|x64.ActiveCfg = Release|Any CPU
		{3ED687A7-3D13-472C-CFC6-DD37A973F82D}.Release|x64.Build.0 = Release|Any CPU
		{A75D395E-6097-BBD1-A21E-96B3297BD78B}.Debug|Any CPU.ActiveCfg = Debug|Any CPU
		{A75D395E-6097-BBD1-A21E-96B3297BD78B}.Debug|Any CPU.Build.0 = Debug|Any CPU
		{A75D395E-6097-BBD1-A21E-96B3297BD78B}.Debug|x64.ActiveCfg = Debug|Any CPU
		{A75D395E-6097-BBD1-A21E-96B3297BD78B}.Debug|x64.Build.0 = Debug|Any CPU
		{A75D395E-6097-BBD1-A21E-96B3297BD78B}.Release|Any CPU.ActiveCfg = Release|Any CPU
		{A75D395E-6097-BBD1-A21E-96B3297BD78B}.Release|Any CPU.Build.0 = Release|Any CPU
		{A75D395E-6097-BBD1-A21E-96B3297BD78B}.Release|x64.ActiveCfg = Release|Any CPU
		{A75D395E-6097-BBD1-A21E-96B3297BD78B}.Release|x64.Build.0 = Release|Any CPU
	EndGlobalSection
	GlobalSection(SolutionProperties) = preSolution
		HideSolutionNode = FALSE
	EndGlobalSection
	GlobalSection(ExtensibilityGlobals) = postSolution
		SolutionGuid = {D45896A8-32E9-4517-BD34-9E84D8DD9540}
	EndGlobalSection
EndGlobal
